
Microsoft Visual Studio Solution File, Format Version 12.00
# Visual Studio Version 16
VisualStudioVersion = 16.0.30309.148
MinimumVisualStudioVersion = 10.0.40219.1
Project("{9A19103F-16F7-4668-BE54-9A1E7A4F7556}") = "DistanceMicroservices", "DistanceMicroservices\DistanceMicroservices.csproj", "{C7E29EF9-BC2D-4CE6-B9B9-F2C9685F5ADE}"
EndProject
Project("{9A19103F-16F7-4668-BE54-9A1E7A4F7556}") = "DistanceMicroservices.Tests", "DistanceMicroservices.Tests\DistanceMicroservices.Tests.csproj", "{67E2DD23-346D-4431-8D95-CE85A0C250E3}"
EndProject
Global
	GlobalSection(SolutionConfigurationPlatforms) = preSolution
		Debug|Any CPU = Debug|Any CPU
		Release|Any CPU = Release|Any CPU
	EndGlobalSection
	GlobalSection(ProjectConfigurationPlatforms) = postSolution
		{C7E29EF9-BC2D-4CE6-B9B9-F2C9685F5ADE}.Debug|Any CPU.ActiveCfg = Debug|Any CPU
		{C7E29EF9-BC2D-4CE6-B9B9-F2C9685F5ADE}.Debug|Any CPU.Build.0 = Debug|Any CPU
		{C7E29EF9-BC2D-4CE6-B9B9-F2C9685F5ADE}.Release|Any CPU.ActiveCfg = Release|Any CPU
		{C7E29EF9-BC2D-4CE6-B9B9-F2C9685F5ADE}.Release|Any CPU.Build.0 = Release|Any CPU
		{67E2DD23-346D-4431-8D95-CE85A0C250E3}.Debug|Any CPU.ActiveCfg = Debug|Any CPU
		{67E2DD23-346D-4431-8D95-CE85A0C250E3}.Debug|Any CPU.Build.0 = Debug|Any CPU
		{67E2DD23-346D-4431-8D95-CE85A0C250E3}.Release|Any CPU.ActiveCfg = Release|Any CPU
		{67E2DD23-346D-4431-8D95-CE85A0C250E3}.Release|Any CPU.Build.0 = Release|Any CPU
	EndGlobalSection
	GlobalSection(SolutionProperties) = preSolution
		HideSolutionNode = FALSE
	EndGlobalSection
	GlobalSection(ExtensibilityGlobals) = postSolution
		SolutionGuid = {424BCB7B-8383-40B2-98A2-BD386D5E0894}
	EndGlobalSection
EndGlobal
